{
  "name": "project",
  "version": "1.0.0",
  "description": "A description of your project",
  "main": "index.js",
  "scripts": {
    "start": "node index.js"
  },
  "dependencies": {
    "express": "^4.18.2", 
    "some-other-package": "^1.1.0"
  },
  "devDependencies": {
    "nodemon": "^2.0.15" 
  },
  "author": "Aras Erdag",
  "license": "ISC"
}